// !$*UTF8*$!
{
	archiveVersion = 1;
	classes = {
	};
	objectVersion = 46;
	objects = {

/* Begin PBXBuildFile section */
		691D07951C115CCA009D60A6 /* AppDelegate.swift in Sources */ = {isa = PBXBuildFile; fileRef = 691D07941C115CCA009D60A6 /* AppDelegate.swift */; };
		691D07971C115CCA009D60A6 /* ViewController.swift in Sources */ = {isa = PBXBuildFile; fileRef = 691D07961C115CCA009D60A6 /* ViewController.swift */; };
		691D079C1C115CCA009D60A6 /* Assets.xcassets in Resources */ = {isa = PBXBuildFile; fileRef = 691D079B1C115CCA009D60A6 /* Assets.xcassets */; };
		691D079F1C115CCA009D60A6 /* LaunchScreen.storyboard in Resources */ = {isa = PBXBuildFile; fileRef = 691D079D1C115CCA009D60A6 /* LaunchScreen.storyboard */; };
		691D07AA1C115CCA009D60A6 /* TipperTests.swift in Sources */ = {isa = PBXBuildFile; fileRef = 691D07A91C115CCA009D60A6 /* TipperTests.swift */; };
		691D07B51C115CCA009D60A6 /* TipperUITests.swift in Sources */ = {isa = PBXBuildFile; fileRef = 691D07B41C115CCA009D60A6 /* TipperUITests.swift */; };
		691D07CC1C13C197009D60A6 /* Main.storyboard in Resources */ = {isa = PBXBuildFile; fileRef = 691D07CA1C13C197009D60A6 /* Main.storyboard */; settings = {ASSET_TAGS = (); }; };
		691D07CE1C13C222009D60A6 /* person-icon.png in Resources */ = {isa = PBXBuildFile; fileRef = 691D07CD1C13C222009D60A6 /* person-icon.png */; settings = {ASSET_TAGS = (); }; };
		6959C8721C30EE6500B254FB /* percent-symbol-23106-180.png in Resources */ = {isa = PBXBuildFile; fileRef = 6959C86C1C30EE6500B254FB /* percent-symbol-23106-180.png */; settings = {ASSET_TAGS = (); }; };
		6959C8731C30EE6500B254FB /* percent-symbol-23106-120.png in Resources */ = {isa = PBXBuildFile; fileRef = 6959C86D1C30EE6500B254FB /* percent-symbol-23106-120.png */; settings = {ASSET_TAGS = (); }; };
		6959C8741C30EE6500B254FB /* percent-symbol-23106-80.png in Resources */ = {isa = PBXBuildFile; fileRef = 6959C86E1C30EE6500B254FB /* percent-symbol-23106-80.png */; settings = {ASSET_TAGS = (); }; };
		6959C8751C30EE6500B254FB /* percent-symbol-23106-87.png in Resources */ = {isa = PBXBuildFile; fileRef = 6959C86F1C30EE6500B254FB /* percent-symbol-23106-87.png */; settings = {ASSET_TAGS = (); }; };
		6959C8761C30EE6500B254FB /* percent-symbol-23106-58.png in Resources */ = {isa = PBXBuildFile; fileRef = 6959C8701C30EE6500B254FB /* percent-symbol-23106-58.png */; settings = {ASSET_TAGS = (); }; };
		6959C8771C30EE6500B254FB /* percent-symbol-23106-29.png in Resources */ = {isa = PBXBuildFile; fileRef = 6959C8711C30EE6500B254FB /* percent-symbol-23106-29.png */; settings = {ASSET_TAGS = (); }; };
		69C1F9A71C2B963500C7773D /* ChangePercentViewController.swift in Sources */ = {isa = PBXBuildFile; fileRef = 69C1F9A61C2B963500C7773D /* ChangePercentViewController.swift */; settings = {ASSET_TAGS = (); }; };
		69C1F9A91C2B973300C7773D /* SettingsViewController.swift in Sources */ = {isa = PBXBuildFile; fileRef = 69C1F9A81C2B973300C7773D /* SettingsViewController.swift */; settings = {ASSET_TAGS = (); }; };
		69C1F9AB1C2BA2B800C7773D /* ChangeCurrencyViewController.swift in Sources */ = {isa = PBXBuildFile; fileRef = 69C1F9AA1C2BA2B800C7773D /* ChangeCurrencyViewController.swift */; settings = {ASSET_TAGS = (); }; };
		69C1F9B11C2C56F600C7773D /* icon-settings1.png in Resources */ = {isa = PBXBuildFile; fileRef = 69C1F9B01C2C56F600C7773D /* icon-settings1.png */; settings = {ASSET_TAGS = (); }; };
		69C1F9B31C2C589E00C7773D /* black_tick.png in Resources */ = {isa = PBXBuildFile; fileRef = 69C1F9B21C2C589E00C7773D /* black_tick.png */; settings = {ASSET_TAGS = (); }; };
/* End PBXBuildFile section */

/* Begin PBXContainerItemProxy section */
		691D07A61C115CCA009D60A6 /* PBXContainerItemProxy */ = {
			isa = PBXContainerItemProxy;
			containerPortal = 691D07891C115CCA009D60A6 /* Project object */;
			proxyType = 1;
			remoteGlobalIDString = 691D07901C115CCA009D60A6;
			remoteInfo = Tipper;
		};
		691D07B11C115CCA009D60A6 /* PBXContainerItemProxy */ = {
			isa = PBXContainerItemProxy;
			containerPortal = 691D07891C115CCA009D60A6 /* Project object */;
			proxyType = 1;
			remoteGlobalIDString = 691D07901C115CCA009D60A6;
			remoteInfo = Tipper;
		};
/* End PBXContainerItemProxy section */

/* Begin PBXFileReference section */
		691D07911C115CCA009D60A6 /* Tipper.app */ = {isa = PBXFileReference; explicitFileType = wrapper.application; includeInIndex = 0; path = Tipper.app; sourceTree = BUILT_PRODUCTS_DIR; };
		691D07941C115CCA009D60A6 /* AppDelegate.swift */ = {isa = PBXFileReference; lastKnownFileType = sourcecode.swift; path = AppDelegate.swift; sourceTree = "<group>"; };
		691D07961C115CCA009D60A6 /* ViewController.swift */ = {isa = PBXFileReference; lastKnownFileType = sourcecode.swift; path = ViewController.swift; sourceTree = "<group>"; };
		691D079B1C115CCA009D60A6 /* Assets.xcassets */ = {isa = PBXFileReference; lastKnownFileType = folder.assetcatalog; path = Assets.xcassets; sourceTree = "<group>"; };
		691D079E1C115CCA009D60A6 /* Base */ = {isa = PBXFileReference; lastKnownFileType = file.storyboard; name = Base; path = Base.lproj/LaunchScreen.storyboard; sourceTree = "<group>"; };
		691D07A01C115CCA009D60A6 /* Info.plist */ = {isa = PBXFileReference; lastKnownFileType = text.plist.xml; path = Info.plist; sourceTree = "<group>"; };
		691D07A51C115CCA009D60A6 /* TipperTests.xctest */ = {isa = PBXFileReference; explicitFileType = wrapper.cfbundle; includeInIndex = 0; path = TipperTests.xctest; sourceTree = BUILT_PRODUCTS_DIR; };
		691D07A91C115CCA009D60A6 /* TipperTests.swift */ = {isa = PBXFileReference; lastKnownFileType = sourcecode.swift; path = TipperTests.swift; sourceTree = "<group>"; };
		691D07AB1C115CCA009D60A6 /* Info.plist */ = {isa = PBXFileReference; lastKnownFileType = text.plist.xml; path = Info.plist; sourceTree = "<group>"; };
		691D07B01C115CCA009D60A6 /* TipperUITests.xctest */ = {isa = PBXFileReference; explicitFileType = wrapper.cfbundle; includeInIndex = 0; path = TipperUITests.xctest; sourceTree = BUILT_PRODUCTS_DIR; };
		691D07B41C115CCA009D60A6 /* TipperUITests.swift */ = {isa = PBXFileReference; lastKnownFileType = sourcecode.swift; path = TipperUITests.swift; sourceTree = "<group>"; };
		691D07B61C115CCA009D60A6 /* Info.plist */ = {isa = PBXFileReference; lastKnownFileType = text.plist.xml; path = Info.plist; sourceTree = "<group>"; };
		691D07CB1C13C197009D60A6 /* Base */ = {isa = PBXFileReference; lastKnownFileType = file.storyboard; name = Base; path = Base.lproj/Main.storyboard; sourceTree = "<group>"; };
		691D07CD1C13C222009D60A6 /* person-icon.png */ = {isa = PBXFileReference; lastKnownFileType = image.png; path = "person-icon.png"; sourceTree = "<group>"; };
		6959C86C1C30EE6500B254FB /* percent-symbol-23106-180.png */ = {isa = PBXFileReference; lastKnownFileType = image.png; path = "percent-symbol-23106-180.png"; sourceTree = "<group>"; };
		6959C86D1C30EE6500B254FB /* percent-symbol-23106-120.png */ = {isa = PBXFileReference; lastKnownFileType = image.png; path = "percent-symbol-23106-120.png"; sourceTree = "<group>"; };
		6959C86E1C30EE6500B254FB /* percent-symbol-23106-80.png */ = {isa = PBXFileReference; lastKnownFileType = image.png; path = "percent-symbol-23106-80.png"; sourceTree = "<group>"; };
		6959C86F1C30EE6500B254FB /* percent-symbol-23106-87.png */ = {isa = PBXFileReference; lastKnownFileType = image.png; path = "percent-symbol-23106-87.png"; sourceTree = "<group>"; };
		6959C8701C30EE6500B254FB /* percent-symbol-23106-58.png */ = {isa = PBXFileReference; lastKnownFileType = image.png; path = "percent-symbol-23106-58.png"; sourceTree = "<group>"; };
		6959C8711C30EE6500B254FB /* percent-symbol-23106-29.png */ = {isa = PBXFileReference; lastKnownFileType = image.png; path = "percent-symbol-23106-29.png"; sourceTree = "<group>"; };
		69C1F9A61C2B963500C7773D /* ChangePercentViewController.swift */ = {isa = PBXFileReference; fileEncoding = 4; lastKnownFileType = sourcecode.swift; path = ChangePercentViewController.swift; sourceTree = "<group>"; };
		69C1F9A81C2B973300C7773D /* SettingsViewController.swift */ = {isa = PBXFileReference; fileEncoding = 4; lastKnownFileType = sourcecode.swift; name = SettingsViewController.swift; path = ../SettingsViewController.swift; sourceTree = "<group>"; };
		69C1F9AA1C2BA2B800C7773D /* ChangeCurrencyViewController.swift */ = {isa = PBXFileReference; fileEncoding = 4; lastKnownFileType = sourcecode.swift; path = ChangeCurrencyViewController.swift; sourceTree = "<group>"; };
		69C1F9B01C2C56F600C7773D /* icon-settings1.png */ = {isa = PBXFileReference; lastKnownFileType = image.png; path = "icon-settings1.png"; sourceTree = "<group>"; };
		69C1F9B21C2C589E00C7773D /* black_tick.png */ = {isa = PBXFileReference; lastKnownFileType = image.png; path = black_tick.png; sourceTree = "<group>"; };
/* End PBXFileReference section */

/* Begin PBXFrameworksBuildPhase section */
		691D078E1C115CCA009D60A6 /* Frameworks */ = {
			isa = PBXFrameworksBuildPhase;
			buildActionMask = 2147483647;
			files = (
			);
			runOnlyForDeploymentPostprocessing = 0;
		};
		691D07A21C115CCA009D60A6 /* Frameworks */ = {
			isa = PBXFrameworksBuildPhase;
			buildActionMask = 2147483647;
			files = (
			);
			runOnlyForDeploymentPostprocessing = 0;
		};
		691D07AD1C115CCA009D60A6 /* Frameworks */ = {
			isa = PBXFrameworksBuildPhase;
			buildActionMask = 2147483647;
			files = (
			);
			runOnlyForDeploymentPostprocessing = 0;
		};
/* End PBXFrameworksBuildPhase section */

/* Begin PBXGroup section */
		691D07881C115CCA009D60A6 = {
			isa = PBXGroup;
			children = (
				691D07931C115CCA009D60A6 /* Tipper */,
				691D07A81C115CCA009D60A6 /* TipperTests */,
				691D07B31C115CCA009D60A6 /* TipperUITests */,
				691D07921C115CCA009D60A6 /* Products */,
			);
			sourceTree = "<group>";
		};
		691D07921C115CCA009D60A6 /* Products */ = {
			isa = PBXGroup;
			children = (
				691D07911C115CCA009D60A6 /* Tipper.app */,
				691D07A51C115CCA009D60A6 /* TipperTests.xctest */,
				691D07B01C115CCA009D60A6 /* TipperUITests.xctest */,
			);
			name = Products;
			sourceTree = "<group>";
		};
		691D07931C115CCA009D60A6 /* Tipper */ = {
			isa = PBXGroup;
			children = (
				691D07941C115CCA009D60A6 /* AppDelegate.swift */,
				691D07961C115CCA009D60A6 /* ViewController.swift */,
				691D07CA1C13C197009D60A6 /* Main.storyboard */,
				69C1F9AA1C2BA2B800C7773D /* ChangeCurrencyViewController.swift */,
				69C1F9A81C2B973300C7773D /* SettingsViewController.swift */,
				69C1F9A61C2B963500C7773D /* ChangePercentViewController.swift */,
				69C1F9B21C2C589E00C7773D /* black_tick.png */,
				69C1F9B01C2C56F600C7773D /* icon-settings1.png */,
				691D07CD1C13C222009D60A6 /* person-icon.png */,
				6959C86C1C30EE6500B254FB /* percent-symbol-23106-180.png */,
				6959C86D1C30EE6500B254FB /* percent-symbol-23106-120.png */,
				6959C86E1C30EE6500B254FB /* percent-symbol-23106-80.png */,
				6959C86F1C30EE6500B254FB /* percent-symbol-23106-87.png */,
				6959C8701C30EE6500B254FB /* percent-symbol-23106-58.png */,
				6959C8711C30EE6500B254FB /* percent-symbol-23106-29.png */,
				691D079B1C115CCA009D60A6 /* Assets.xcassets */,
				691D079D1C115CCA009D60A6 /* LaunchScreen.storyboard */,
				691D07A01C115CCA009D60A6 /* Info.plist */,
			);
			path = Tipper;
			sourceTree = "<group>";
		};
		691D07A81C115CCA009D60A6 /* TipperTests */ = {
			isa = PBXGroup;
			children = (
				691D07A91C115CCA009D60A6 /* TipperTests.swift */,
				691D07AB1C115CCA009D60A6 /* Info.plist */,
			);
			path = TipperTests;
			sourceTree = "<group>";
		};
		691D07B31C115CCA009D60A6 /* TipperUITests */ = {
			isa = PBXGroup;
			children = (
				691D07B41C115CCA009D60A6 /* TipperUITests.swift */,
				691D07B61C115CCA009D60A6 /* Info.plist */,
			);
			path = TipperUITests;
			sourceTree = "<group>";
		};
/* End PBXGroup section */

/* Begin PBXNativeTarget section */
		691D07901C115CCA009D60A6 /* Tipper */ = {
			isa = PBXNativeTarget;
			buildConfigurationList = 691D07B91C115CCA009D60A6 /* Build configuration list for PBXNativeTarget "Tipper" */;
			buildPhases = (
				691D078D1C115CCA009D60A6 /* Sources */,
				691D078E1C115CCA009D60A6 /* Frameworks */,
				691D078F1C115CCA009D60A6 /* Resources */,
			);
			buildRules = (
			);
			dependencies = (
			);
			name = Tipper;
			productName = Tipper;
			productReference = 691D07911C115CCA009D60A6 /* Tipper.app */;
			productType = "com.apple.product-type.application";
		};
		691D07A41C115CCA009D60A6 /* TipperTests */ = {
			isa = PBXNativeTarget;
			buildConfigurationList = 691D07BC1C115CCA009D60A6 /* Build configuration list for PBXNativeTarget "TipperTests" */;
			buildPhases = (
				691D07A11C115CCA009D60A6 /* Sources */,
				691D07A21C115CCA009D60A6 /* Frameworks */,
				691D07A31C115CCA009D60A6 /* Resources */,
			);
			buildRules = (
			);
			dependencies = (
				691D07A71C115CCA009D60A6 /* PBXTargetDependency */,
			);
			name = TipperTests;
			productName = TipperTests;
			productReference = 691D07A51C115CCA009D60A6 /* TipperTests.xctest */;
			productType = "com.apple.product-type.bundle.unit-test";
		};
		691D07AF1C115CCA009D60A6 /* TipperUITests */ = {
			isa = PBXNativeTarget;
			buildConfigurationList = 691D07BF1C115CCA009D60A6 /* Build configuration list for PBXNativeTarget "TipperUITests" */;
			buildPhases = (
				691D07AC1C115CCA009D60A6 /* Sources */,
				691D07AD1C115CCA009D60A6 /* Frameworks */,
				691D07AE1C115CCA009D60A6 /* Resources */,
			);
			buildRules = (
			);
			dependencies = (
				691D07B21C115CCA009D60A6 /* PBXTargetDependency */,
			);
			name = TipperUITests;
			productName = TipperUITests;
			productReference = 691D07B01C115CCA009D60A6 /* TipperUITests.xctest */;
			productType = "com.apple.product-type.bundle.ui-testing";
		};
/* End PBXNativeTarget section */

/* Begin PBXProject section */
		691D07891C115CCA009D60A6 /* Project object */ = {
			isa = PBXProject;
			attributes = {
				LastUpgradeCheck = 0700;
				ORGANIZATIONNAME = "Akshat Goyal";
				TargetAttributes = {
					691D07901C115CCA009D60A6 = {
						CreatedOnToolsVersion = 7.0;
						DevelopmentTeam = JTG9T7N598;
					};
					691D07A41C115CCA009D60A6 = {
						CreatedOnToolsVersion = 7.0;
						TestTargetID = 691D07901C115CCA009D60A6;
					};
					691D07AF1C115CCA009D60A6 = {
						CreatedOnToolsVersion = 7.0;
						TestTargetID = 691D07901C115CCA009D60A6;
					};
				};
			};
			buildConfigurationList = 691D078C1C115CCA009D60A6 /* Build configuration list for PBXProject "Tipper" */;
			compatibilityVersion = "Xcode 3.2";
			developmentRegion = English;
			hasScannedForEncodings = 0;
			knownRegions = (
				en,
				Base,
			);
			mainGroup = 691D07881C115CCA009D60A6;
			productRefGroup = 691D07921C115CCA009D60A6 /* Products */;
			projectDirPath = "";
			projectRoot = "";
			targets = (
				691D07901C115CCA009D60A6 /* Tipper */,
				691D07A41C115CCA009D60A6 /* TipperTests */,
				691D07AF1C115CCA009D60A6 /* TipperUITests */,
			);
		};
/* End PBXProject section */

/* Begin PBXResourcesBuildPhase section */
		691D078F1C115CCA009D60A6 /* Resources */ = {
			isa = PBXResourcesBuildPhase;
			buildActionMask = 2147483647;
			files = (
				691D079F1C115CCA009D60A6 /* LaunchScreen.storyboard in Resources */,
				691D079C1C115CCA009D60A6 /* Assets.xcassets in Resources */,
				691D07CE1C13C222009D60A6 /* person-icon.png in Resources */,
				6959C8741C30EE6500B254FB /* percent-symbol-23106-80.png in Resources */,
				691D07CC1C13C197009D60A6 /* Main.storyboard in Resources */,
				6959C8731C30EE6500B254FB /* percent-symbol-23106-120.png in Resources */,
				6959C8721C30EE6500B254FB /* percent-symbol-23106-180.png in Resources */,
				6959C8771C30EE6500B254FB /* percent-symbol-23106-29.png in Resources */,
				6959C8761C30EE6500B254FB /* percent-symbol-23106-58.png in Resources */,
				6959C8751C30EE6500B254FB /* percent-symbol-23106-87.png in Resources */,
				69C1F9B31C2C589E00C7773D /* black_tick.png in Resources */,
				69C1F9B11C2C56F600C7773D /* icon-settings1.png in Resources */,
			);
			runOnlyForDeploymentPostprocessing = 0;
		};
		691D07A31C115CCA009D60A6 /* Resources */ = {
			isa = PBXResourcesBuildPhase;
			buildActionMask = 2147483647;
			files = (
			);
			runOnlyForDeploymentPostprocessing = 0;
		};
		691D07AE1C115CCA009D60A6 /* Resources */ = {
			isa = PBXResourcesBuildPhase;
			buildActionMask = 2147483647;
			files = (
			);
			runOnlyForDeploymentPostprocessing = 0;
		};
/* End PBXResourcesBuildPhase section */

/* Begin PBXSourcesBuildPhase section */
		691D078D1C115CCA009D60A6 /* Sources */ = {
			isa = PBXSourcesBuildPhase;
			buildActionMask = 2147483647;
			files = (
				691D07971C115CCA009D60A6 /* ViewController.swift in Sources */,
				691D07951C115CCA009D60A6 /* AppDelegate.swift in Sources */,
				69C1F9A71C2B963500C7773D /* ChangePercentViewController.swift in Sources */,
				69C1F9A91C2B973300C7773D /* SettingsViewController.swift in Sources */,
				69C1F9AB1C2BA2B800C7773D /* ChangeCurrencyViewController.swift in Sources */,
			);
			runOnlyForDeploymentPostprocessing = 0;
		};
		691D07A11C115CCA009D60A6 /* Sources */ = {
			isa = PBXSourcesBuildPhase;
			buildActionMask = 2147483647;
			files = (
				691D07AA1C115CCA009D60A6 /* TipperTests.swift in Sources */,
			);
			runOnlyForDeploymentPostprocessing = 0;
		};
		691D07AC1C115CCA009D60A6 /* Sources */ = {
			isa = PBXSourcesBuildPhase;
			buildActionMask = 2147483647;
			files = (
				691D07B51C115CCA009D60A6 /* TipperUITests.swift in Sources */,
			);
			runOnlyForDeploymentPostprocessing = 0;
		};
/* End PBXSourcesBuildPhase section */

/* Begin PBXTargetDependency section */
		691D07A71C115CCA009D60A6 /* PBXTargetDependency */ = {
			isa = PBXTargetDependency;
			target = 691D07901C115CCA009D60A6 /* Tipper */;
			targetProxy = 691D07A61C115CCA009D60A6 /* PBXContainerItemProxy */;
		};
		691D07B21C115CCA009D60A6 /* PBXTargetDependency */ = {
			isa = PBXTargetDependency;
			target = 691D07901C115CCA009D60A6 /* Tipper */;
			targetProxy = 691D07B11C115CCA009D60A6 /* PBXContainerItemProxy */;
		};
/* End PBXTargetDependency section */

/* Begin PBXVariantGroup section */
		691D079D1C115CCA009D60A6 /* LaunchScreen.storyboard */ = {
			isa = PBXVariantGroup;
			children = (
				691D079E1C115CCA009D60A6 /* Base */,
			);
			name = LaunchScreen.storyboard;
			sourceTree = "<group>";
		};
		691D07CA1C13C197009D60A6 /* Main.storyboard */ = {
			isa = PBXVariantGroup;
			children = (
				691D07CB1C13C197009D60A6 /* Base */,
			);
			name = Main.storyboard;
			sourceTree = "<group>";
		};
/* End PBXVariantGroup section */

/* Begin XCBuildConfiguration section */
		691D07B71C115CCA009D60A6 /* Debug */ = {
			isa = XCBuildConfiguration;
			buildSettings = {
				ALWAYS_SEARCH_USER_PATHS = NO;
				CLANG_CXX_LANGUAGE_STANDARD = "gnu++0x";
				CLANG_CXX_LIBRARY = "libc++";
				CLANG_ENABLE_MODULES = YES;
				CLANG_ENABLE_OBJC_ARC = YES;
				CLANG_WARN_BOOL_CONVERSION = YES;
				CLANG_WARN_CONSTANT_CONVERSION = YES;
				CLANG_WARN_DIRECT_OBJC_ISA_USAGE = YES_ERROR;
				CLANG_WARN_EMPTY_BODY = YES;
				CLANG_WARN_ENUM_CONVERSION = YES;
				CLANG_WARN_INT_CONVERSION = YES;
				CLANG_WARN_OBJC_ROOT_CLASS = YES_ERROR;
				CLANG_WARN_UNREACHABLE_CODE = YES;
				CLANG_WARN__DUPLICATE_METHOD_MATCH = YES;
				"CODE_SIGN_IDENTITY[sdk=iphoneos*]" = "iPhone Developer";
				COPY_PHASE_STRIP = NO;
				DEBUG_INFORMATION_FORMAT = dwarf;
				ENABLE_STRICT_OBJC_MSGSEND = YES;
				ENABLE_TESTABILITY = YES;
				GCC_C_LANGUAGE_STANDARD = gnu99;
				GCC_DYNAMIC_NO_PIC = NO;
				GCC_NO_COMMON_BLOCKS = YES;
				GCC_OPTIMIZATION_LEVEL = 0;
				GCC_PREPROCESSOR_DEFINITIONS = (
					"DEBUG=1",
					"$(inherited)",
				);
				GCC_WARN_64_TO_32_BIT_CONVERSION = YES;
				GCC_WARN_ABOUT_RETURN_TYPE = YES_ERROR;
				GCC_WARN_UNDECLARED_SELECTOR = YES;
				GCC_WARN_UNINITIALIZED_AUTOS = YES_AGGRESSIVE;
				GCC_WARN_UNUSED_FUNCTION = YES;
				GCC_WARN_UNUSED_VARIABLE = YES;
				IPHONEOS_DEPLOYMENT_TARGET = 9.0;
				MTL_ENABLE_DEBUG_INFO = YES;
				ONLY_ACTIVE_ARCH = YES;
				SDKROOT = iphoneos;
				SWIFT_OPTIMIZATION_LEVEL = "-Onone";
			};
			name = Debug;
		};
		691D07B81C115CCA009D60A6 /* Release */ = {
			isa = XCBuildConfiguration;
			buildSettings = {
				ALWAYS_SEARCH_USER_PATHS = NO;
				CLANG_CXX_LANGUAGE_STANDARD = "gnu++0x";
				CLANG_CXX_LIBRARY = "libc++";
				CLANG_ENABLE_MODULES = YES;
				CLANG_ENABLE_OBJC_ARC = YES;
				CLANG_WARN_BOOL_CONVERSION = YES;
				CLANG_WARN_CONSTANT_CONVERSION = YES;
				CLANG_WARN_DIRECT_OBJC_ISA_USAGE = YES_ERROR;
				CLANG_WARN_EMPTY_BODY = YES;
				CLANG_WARN_ENUM_CONVERSION = YES;
				CLANG_WARN_INT_CONVERSION = YES;
				CLANG_WARN_OBJC_ROOT_CLASS = YES_ERROR;
				CLANG_WARN_UNREACHABLE_CODE = YES;
				CLANG_WARN__DUPLICATE_METHOD_MATCH = YES;
				"CODE_SIGN_IDENTITY[sdk=iphoneos*]" = "iPhone Developer";
				COPY_PHASE_STRIP = NO;
				DEBUG_INFORMATION_FORMAT = "dwarf-with-dsym";
				ENABLE_NS_ASSERTIONS = NO;
				ENABLE_STRICT_OBJC_MSGSEND = YES;
				GCC_C_LANGUAGE_STANDARD = gnu99;
				GCC_NO_COMMON_BLOCKS = YES;
				GCC_WARN_64_TO_32_BIT_CONVERSION = YES;
				GCC_WARN_ABOUT_RETURN_TYPE = YES_ERROR;
				GCC_WARN_UNDECLARED_SELECTOR = YES;
				GCC_WARN_UNINITIALIZED_AUTOS = YES_AGGRESSIVE;
				GCC_WARN_UNUSED_FUNCTION = YES;
				GCC_WARN_UNUSED_VARIABLE = YES;
				IPHONEOS_DEPLOYMENT_TARGET = 9.0;
				MTL_ENABLE_DEBUG_INFO = NO;
				SDKROOT = iphoneos;
				VALIDATE_PRODUCT = YES;
			};
			name = Release;
		};
		691D07BA1C115CCA009D60A6 /* Debug */ = {
			isa = XCBuildConfiguration;
			buildSettings = {
				ASSETCATALOG_COMPILER_APPICON_NAME = AppIcon;
				CODE_SIGN_IDENTITY = "iPhone Developer";
				"CODE_SIGN_IDENTITY[sdk=iphoneos*]" = "iPhone Developer";
				INFOPLIST_FILE = Tipper/Info.plist;
				LD_RUNPATH_SEARCH_PATHS = "$(inherited) @executable_path/Frameworks";
				PRODUCT_BUNDLE_IDENTIFIER = akshatgyl.Tipper;
				PRODUCT_NAME = "$(TARGET_NAME)";
				PROVISIONING_PROFILE = "";
			};
			name = Debug;
		};
		691D07BB1C115CCA009D60A6 /* Release */ = {
			isa = XCBuildConfiguration;
			buildSettings = {
				ASSETCATALOG_COMPILER_APPICON_NAME = AppIcon;
				CODE_SIGN_IDENTITY = "iPhone Developer";
				"CODE_SIGN_IDENTITY[sdk=iphoneos*]" = "iPhone Developer";
				INFOPLIST_FILE = Tipper/Info.plist;
				LD_RUNPATH_SEARCH_PATHS = "$(inherited) @executable_path/Frameworks";
				PRODUCT_BUNDLE_IDENTIFIER = akshatgyl.Tipper;
				PRODUCT_NAME = "$(TARGET_NAME)";
				PROVISIONING_PROFILE = "";
			};
			name = Release;
		};
		691D07BD1C115CCA009D60A6 /* Debug */ = {
			isa = XCBuildConfiguration;
			buildSettings = {
				BUNDLE_LOADER = "$(TEST_HOST)";
				INFOPLIST_FILE = TipperTests/Info.plist;
				LD_RUNPATH_SEARCH_PATHS = "$(inherited) @executable_path/Frameworks @loader_path/Frameworks";
				PRODUCT_BUNDLE_IDENTIFIER = akshatgyl.TipperTests;
				PRODUCT_NAME = "$(TARGET_NAME)";
				TEST_HOST = "$(BUILT_PRODUCTS_DIR)/Tipper.app/Tipper";
			};
			name = Debug;
		};
		691D07BE1C115CCA009D60A6 /* Release */ = {
			isa = XCBuildConfiguration;
			buildSettings = {
				BUNDLE_LOADER = "$(TEST_HOST)";
				INFOPLIST_FILE = TipperTests/Info.plist;
				LD_RUNPATH_SEARCH_PATHS = "$(inherited) @executable_path/Frameworks @loader_path/Frameworks";
				PRODUCT_BUNDLE_IDENTIFIER = akshatgyl.TipperTests;
				PRODUCT_NAME = "$(TARGET_NAME)";
				TEST_HOST = "$(BUILT_PRODUCTS_DIR)/Tipper.app/Tipper";
			};
			name = Release;
		};
		691D07C01C115CCA009D60A6 /* Debug */ = {
			isa = XCBuildConfiguration;
			buildSettings = {
				INFOPLIST_FILE = TipperUITests/Info.plist;
				LD_RUNPATH_SEARCH_PATHS = "$(inherited) @executable_path/Frameworks @loader_path/Frameworks";
				PRODUCT_BUNDLE_IDENTIFIER = akshatgyl.TipperUITests;
				PRODUCT_NAME = "$(TARGET_NAME)";
				TEST_TARGET_NAME = Tipper;
				USES_XCTRUNNER = YES;
			};
			name = Debug;
		};
		691D07C11C115CCA009D60A6 /* Release */ = {
			isa = XCBuildConfiguration;
			buildSettings = {
				INFOPLIST_FILE = TipperUITests/Info.plist;
				LD_RUNPATH_SEARCH_PATHS = "$(inherited) @executable_path/Frameworks @loader_path/Frameworks";
				PRODUCT_BUNDLE_IDENTIFIER = akshatgyl.TipperUITests;
				PRODUCT_NAME = "$(TARGET_NAME)";
				TEST_TARGET_NAME = Tipper;
				USES_XCTRUNNER = YES;
			};
			name = Release;
		};
/* End XCBuildConfiguration section */

/* Begin XCConfigurationList section */
		691D078C1C115CCA009D60A6 /* Build configuration list for PBXProject "Tipper" */ = {
			isa = XCConfigurationList;
			buildConfigurations = (
				691D07B71C115CCA009D60A6 /* Debug */,
				691D07B81C115CCA009D60A6 /* Release */,
			);
			defaultConfigurationIsVisible = 0;
			defaultConfigurationName = Release;
		};
		691D07B91C115CCA009D60A6 /* Build configuration list for PBXNativeTarget "Tipper" */ = {
			isa = XCConfigurationList;
			buildConfigurations = (
				691D07BA1C115CCA009D60A6 /* Debug */,
				691D07BB1C115CCA009D60A6 /* Release */,
			);
			defaultConfigurationIsVisible = 0;
			defaultConfigurationName = Release;
		};
		691D07BC1C115CCA009D60A6 /* Build configuration list for PBXNativeTarget "TipperTests" */ = {
			isa = XCConfigurationList;
			buildConfigurations = (
				691D07BD1C115CCA009D60A6 /* Debug */,
				691D07BE1C115CCA009D60A6 /* Release */,
			);
			defaultConfigurationIsVisible = 0;
			defaultConfigurationName = Release;
		};
		691D07BF1C115CCA009D60A6 /* Build configuration list for PBXNativeTarget "TipperUITests" */ = {
			isa = XCConfigurationList;
			buildConfigurations = (
				691D07C01C115CCA009D60A6 /* Debug */,
				691D07C11C115CCA009D60A6 /* Release */,
			);
			defaultConfigurationIsVisible = 0;
			defaultConfigurationName = Release;
		};
/* End XCConfigurationList section */
	};
	rootObject = 691D07891C115CCA009D60A6 /* Project object */;
}
